
Microsoft Visual Studio Solution File, Format Version 12.00
# Visual Studio Version 17
VisualStudioVersion = 17.4.33110.190
MinimumVisualStudioVersion = 10.0.40219.1
Project("{9A19103F-16F7-4668-BE54-9A1E7A4F7556}") = "twoGirlsOnlineShop", "twoGirlsOnlineShop\twoGirlsOnlineShop.csproj", "{F11DFDB2-C3E9-44E7-9560-A5969CD04354}"
EndProject
Global
	GlobalSection(SolutionConfigurationPlatforms) = preSolution
		Debug|Any CPU = Debug|Any CPU
		Release|Any CPU = Release|Any CPU
	EndGlobalSection
	GlobalSection(ProjectConfigurationPlatforms) = postSolution
		{F11DFDB2-C3E9-44E7-9560-A5969CD04354}.Debug|Any CPU.ActiveCfg = Debug|Any CPU
		{F11DFDB2-C3E9-44E7-9560-A5969CD04354}.Debug|Any CPU.Build.0 = Debug|Any CPU
		{F11DFDB2-C3E9-44E7-9560-A5969CD04354}.Release|Any CPU.ActiveCfg = Release|Any CPU
		{F11DFDB2-C3E9-44E7-9560-A5969CD04354}.Release|Any CPU.Build.0 = Release|Any CPU
	EndGlobalSection
	GlobalSection(SolutionProperties) = preSolution
		HideSolutionNode = FALSE
	EndGlobalSection
	GlobalSection(ExtensibilityGlobals) = postSolution
		SolutionGuid = {63DD174F-6DCC-4C86-A529-7F927DE734BB}
	EndGlobalSection
EndGlobal
